// !$*UTF8*$!
{
	archiveVersion = 1;
	classes = {
	};
	objectVersion = 56;
	objects = {

/* Begin PBXBuildFile section */
		D038C9AA2C11BB95004A4EE1 /* iCaloriesAppApp.swift in Sources */ = {isa = PBXBuildFile; fileRef = D038C9A92C11BB95004A4EE1 /* iCaloriesAppApp.swift */; };
		D038C9AC2C11BB95004A4EE1 /* ContentView.swift in Sources */ = {isa = PBXBuildFile; fileRef = D038C9AB2C11BB95004A4EE1 /* ContentView.swift */; };
		D038C9AE2C11BB96004A4EE1 /* Assets.xcassets in Resources */ = {isa = PBXBuildFile; fileRef = D038C9AD2C11BB96004A4EE1 /* Assets.xcassets */; };
		D038C9B12C11BB96004A4EE1 /* Preview Assets.xcassets in Resources */ = {isa = PBXBuildFile; fileRef = D038C9B02C11BB96004A4EE1 /* Preview Assets.xcassets */; };
		D038C9BA2C11BBEB004A4EE1 /* FoodModel.xcdatamodeld in Sources */ = {isa = PBXBuildFile; fileRef = D038C9B82C11BBEB004A4EE1 /* FoodModel.xcdatamodeld */; };
		D038C9BC2C11BCD4004A4EE1 /* DatController.swift in Sources */ = {isa = PBXBuildFile; fileRef = D038C9BB2C11BCD4004A4EE1 /* DatController.swift */; };
		D038C9C02C11C0EB004A4EE1 /* AddFoodView.swift in Sources */ = {isa = PBXBuildFile; fileRef = D038C9BF2C11C0EB004A4EE1 /* AddFoodView.swift */; };
		D038C9C22C11C2D4004A4EE1 /* TimeFormatting.swift in Sources */ = {isa = PBXBuildFile; fileRef = D038C9C12C11C2D4004A4EE1 /* TimeFormatting.swift */; };
		D038C9C42C11D341004A4EE1 /* EditFoodView.swift in Sources */ = {isa = PBXBuildFile; fileRef = D038C9C32C11D341004A4EE1 /* EditFoodView.swift */; };
/* End PBXBuildFile section */

/* Begin PBXFileReference section */
		D038C9A62C11BB95004A4EE1 /* iCaloriesApp.app */ = {isa = PBXFileReference; explicitFileType = wrapper.application; includeInIndex = 0; path = iCaloriesApp.app; sourceTree = BUILT_PRODUCTS_DIR; };
		D038C9A92C11BB95004A4EE1 /* iCaloriesAppApp.swift */ = {isa = PBXFileReference; lastKnownFileType = sourcecode.swift; path = iCaloriesAppApp.swift; sourceTree = "<group>"; };
		D038C9AB2C11BB95004A4EE1 /* ContentView.swift */ = {isa = PBXFileReference; lastKnownFileType = sourcecode.swift; path = ContentView.swift; sourceTree = "<group>"; };
		D038C9AD2C11BB96004A4EE1 /* Assets.xcassets */ = {isa = PBXFileReference; lastKnownFileType = folder.assetcatalog; path = Assets.xcassets; sourceTree = "<group>"; };
		D038C9B02C11BB96004A4EE1 /* Preview Assets.xcassets */ = {isa = PBXFileReference; lastKnownFileType = folder.assetcatalog; path = "Preview Assets.xcassets"; sourceTree = "<group>"; };
		D038C9B92C11BBEB004A4EE1 /* FoodModel.xcdatamodel */ = {isa = PBXFileReference; lastKnownFileType = wrapper.xcdatamodel; path = FoodModel.xcdatamodel; sourceTree = "<group>"; };
		D038C9BB2C11BCD4004A4EE1 /* DatController.swift */ = {isa = PBXFileReference; lastKnownFileType = sourcecode.swift; path = DatController.swift; sourceTree = "<group>"; };
		D038C9BF2C11C0EB004A4EE1 /* AddFoodView.swift */ = {isa = PBXFileReference; lastKnownFileType = sourcecode.swift; path = AddFoodView.swift; sourceTree = "<group>"; };
		D038C9C12C11C2D4004A4EE1 /* TimeFormatting.swift */ = {isa = PBXFileReference; lastKnownFileType = sourcecode.swift; path = TimeFormatting.swift; sourceTree = "<group>"; };
		D038C9C32C11D341004A4EE1 /* EditFoodView.swift */ = {isa = PBXFileReference; lastKnownFileType = sourcecode.swift; path = EditFoodView.swift; sourceTree = "<group>"; };
/* End PBXFileReference section */

/* Begin PBXFrameworksBuildPhase section */
		D038C9A32C11BB95004A4EE1 /* Frameworks */ = {
			isa = PBXFrameworksBuildPhase;
			buildActionMask = 2147483647;
			files = (
			);
			runOnlyForDeploymentPostprocessing = 0;
		};
/* End PBXFrameworksBuildPhase section */

/* Begin PBXGroup section */
		D038C99D2C11BB95004A4EE1 = {
			isa = PBXGroup;
			children = (
				D038C9A82C11BB95004A4EE1 /* iCaloriesApp */,
				D038C9A72C11BB95004A4EE1 /* Products */,
			);
			sourceTree = "<group>";
		};
		D038C9A72C11BB95004A4EE1 /* Products */ = {
			isa = PBXGroup;
			children = (
				D038C9A62C11BB95004A4EE1 /* iCaloriesApp.app */,
			);
			name = Products;
			sourceTree = "<group>";
		};
		D038C9A82C11BB95004A4EE1 /* iCaloriesApp */ = {
			isa = PBXGroup;
			children = (
				D038C9A92C11BB95004A4EE1 /* iCaloriesAppApp.swift */,
				D038C9BE2C11C0DC004A4EE1 /* Helpers */,
				D038C9BD2C11C0D4004A4EE1 /* View */,
				D038C9B72C11BBD1004A4EE1 /* DataModel */,
				D038C9AD2C11BB96004A4EE1 /* Assets.xcassets */,
				D038C9AF2C11BB96004A4EE1 /* Preview Content */,
			);
			path = iCaloriesApp;
			sourceTree = "<group>";
		};
		D038C9AF2C11BB96004A4EE1 /* Preview Content */ = {
			isa = PBXGroup;
			children = (
				D038C9B02C11BB96004A4EE1 /* Preview Assets.xcassets */,
			);
			path = "Preview Content";
			sourceTree = "<group>";
		};
		D038C9B72C11BBD1004A4EE1 /* DataModel */ = {
			isa = PBXGroup;
			children = (
				D038C9B82C11BBEB004A4EE1 /* FoodModel.xcdatamodeld */,
				D038C9BB2C11BCD4004A4EE1 /* DatController.swift */,
			);
			path = DataModel;
			sourceTree = "<group>";
		};
		D038C9BD2C11C0D4004A4EE1 /* View */ = {
			isa = PBXGroup;
			children = (
				D038C9AB2C11BB95004A4EE1 /* ContentView.swift */,
				D038C9BF2C11C0EB004A4EE1 /* AddFoodView.swift */,
				D038C9C32C11D341004A4EE1 /* EditFoodView.swift */,
			);
			path = View;
			sourceTree = "<group>";
		};
		D038C9BE2C11C0DC004A4EE1 /* Helpers */ = {
			isa = PBXGroup;
			children = (
				D038C9C12C11C2D4004A4EE1 /* TimeFormatting.swift */,
			);
			path = Helpers;
			sourceTree = "<group>";
		};
/* End PBXGroup section */

/* Begin PBXNativeTarget section */
		D038C9A52C11BB95004A4EE1 /* iCaloriesApp */ = {
			isa = PBXNativeTarget;
			buildConfigurationList = D038C9B42C11BB96004A4EE1 /* Build configuration list for PBXNativeTarget "iCaloriesApp" */;
			buildPhases = (
				D038C9A22C11BB95004A4EE1 /* Sources */,
				D038C9A32C11BB95004A4EE1 /* Frameworks */,
				D038C9A42C11BB95004A4EE1 /* Resources */,
			);
			buildRules = (
			);
			dependencies = (
			);
			name = iCaloriesApp;
			productName = iCaloriesApp;
			productReference = D038C9A62C11BB95004A4EE1 /* iCaloriesApp.app */;
			productType = "com.apple.product-type.application";
		};
/* End PBXNativeTarget section */

/* Begin PBXProject section */
		D038C99E2C11BB95004A4EE1 /* Project object */ = {
			isa = PBXProject;
			attributes = {
				BuildIndependentTargetsInParallel = 1;
				LastSwiftUpdateCheck = 1540;
				LastUpgradeCheck = 1540;
				TargetAttributes = {
					D038C9A52C11BB95004A4EE1 = {
						CreatedOnToolsVersion = 15.4;
					};
				};
			};
			buildConfigurationList = D038C9A12C11BB95004A4EE1 /* Build configuration list for PBXProject "iCaloriesApp" */;
			compatibilityVersion = "Xcode 14.0";
			developmentRegion = en;
			hasScannedForEncodings = 0;
			knownRegions = (
				en,
				Base,
			);
			mainGroup = D038C99D2C11BB95004A4EE1;
			productRefGroup = D038C9A72C11BB95004A4EE1 /* Products */;
			projectDirPath = "";
			projectRoot = "";
			targets = (
				D038C9A52C11BB95004A4EE1 /* iCaloriesApp */,
			);
		};
/* End PBXProject section */

/* Begin PBXResourcesBuildPhase section */
		D038C9A42C11BB95004A4EE1 /* Resources */ = {
			isa = PBXResourcesBuildPhase;
			buildActionMask = 2147483647;
			files = (
				D038C9B12C11BB96004A4EE1 /* Preview Assets.xcassets in Resources */,
				D038C9AE2C11BB96004A4EE1 /* Assets.xcassets in Resources */,
			);
			runOnlyForDeploymentPostprocessing = 0;
		};
/* End PBXResourcesBuildPhase section */

/* Begin PBXSourcesBuildPhase section */
		D038C9A22C11BB95004A4EE1 /* Sources */ = {
			isa = PBXSourcesBuildPhase;
			buildActionMask = 2147483647;
			files = (
				D038C9C02C11C0EB004A4EE1 /* AddFoodView.swift in Sources */,
				D038C9AC2C11BB95004A4EE1 /* ContentView.swift in Sources */,
				D038C9AA2C11BB95004A4EE1 /* iCaloriesAppApp.swift in Sources */,
				D038C9BA2C11BBEB004A4EE1 /* FoodModel.xcdatamodeld in Sources */,
				D038C9BC2C11BCD4004A4EE1 /* DatController.swift in Sources */,
				D038C9C42C11D341004A4EE1 /* EditFoodView.swift in Sources */,
				D038C9C22C11C2D4004A4EE1 /* TimeFormatting.swift in Sources */,
			);
			runOnlyForDeploymentPostprocessing = 0;
		};
/* End PBXSourcesBuildPhase section */

/* Begin XCBuildConfiguration section */
		D038C9B22C11BB96004A4EE1 /* Debug */ = {
			isa = XCBuildConfiguration;
			buildSettings = {
				ALWAYS_SEARCH_USER_PATHS = NO;
				ASSETCATALOG_COMPILER_GENERATE_SWIFT_ASSET_SYMBOL_EXTENSIONS = YES;
				CLANG_ANALYZER_NONNULL = YES;
				CLANG_ANALYZER_NUMBER_OBJECT_CONVERSION = YES_AGGRESSIVE;
				CLANG_CXX_LANGUAGE_STANDARD = "gnu++20";
				CLANG_ENABLE_MODULES = YES;
				CLANG_ENABLE_OBJC_ARC = YES;
				CLANG_ENABLE_OBJC_WEAK = YES;
				CLANG_WARN_BLOCK_CAPTURE_AUTORELEASING = YES;
				CLANG_WARN_BOOL_CONVERSION = YES;
				CLANG_WARN_COMMA = YES;
				CLANG_WARN_CONSTANT_CONVERSION = YES;
				CLANG_WARN_DEPRECATED_OBJC_IMPLEMENTATIONS = YES;
				CLANG_WARN_DIRECT_OBJC_ISA_USAGE = YES_ERROR;
				CLANG_WARN_DOCUMENTATION_COMMENTS = YES;
				CLANG_WARN_EMPTY_BODY = YES;
				CLANG_WARN_ENUM_CONVERSION = YES;
				CLANG_WARN_INFINITE_RECURSION = YES;
				CLANG_WARN_INT_CONVERSION = YES;
				CLANG_WARN_NON_LITERAL_NULL_CONVERSION = YES;
				CLANG_WARN_OBJC_IMPLICIT_RETAIN_SELF = YES;
				CLANG_WARN_OBJC_LITERAL_CONVERSION = YES;
				CLANG_WARN_OBJC_ROOT_CLASS = YES_ERROR;
				CLANG_WARN_QUOTED_INCLUDE_IN_FRAMEWORK_HEADER = YES;
				CLANG_WARN_RANGE_LOOP_ANALYSIS = YES;
				CLANG_WARN_STRICT_PROTOTYPES = YES;
				CLANG_WARN_SUSPICIOUS_MOVE = YES;
				CLANG_WARN_UNGUARDED_AVAILABILITY = YES_AGGRESSIVE;
				CLANG_WARN_UNREACHABLE_CODE = YES;
				CLANG_WARN__DUPLICATE_METHOD_MATCH = YES;
				COPY_PHASE_STRIP = NO;
				DEBUG_INFORMATION_FORMAT = dwarf;
				ENABLE_STRICT_OBJC_MSGSEND = YES;
				ENABLE_TESTABILITY = YES;
				ENABLE_USER_SCRIPT_SANDBOXING = YES;
				GCC_C_LANGUAGE_STANDARD = gnu17;
				GCC_DYNAMIC_NO_PIC = NO;
				GCC_NO_COMMON_BLOCKS = YES;
				GCC_OPTIMIZATION_LEVEL = 0;
				GCC_PREPROCESSOR_DEFINITIONS = (
					"DEBUG=1",
					"$(inherited)",
				);
				GCC_WARN_64_TO_32_BIT_CONVERSION = YES;
				GCC_WARN_ABOUT_RETURN_TYPE = YES_ERROR;
				GCC_WARN_UNDECLARED_SELECTOR = YES;
				GCC_WARN_UNINITIALIZED_AUTOS = YES_AGGRESSIVE;
				GCC_WARN_UNUSED_FUNCTION = YES;
				GCC_WARN_UNUSED_VARIABLE = YES;
				IPHONEOS_DEPLOYMENT_TARGET = 17.5;
				LOCALIZATION_PREFERS_STRING_CATALOGS = YES;
				MTL_ENABLE_DEBUG_INFO = INCLUDE_SOURCE;
				MTL_FAST_MATH = YES;
				ONLY_ACTIVE_ARCH = YES;
				SDKROOT = iphoneos;
				SWIFT_ACTIVE_COMPILATION_CONDITIONS = "DEBUG $(inherited)";
				SWIFT_OPTIMIZATION_LEVEL = "-Onone";
			};
			name = Debug;
		};
		D038C9B32C11BB96004A4EE1 /* Release */ = {
			isa = XCBuildConfiguration;
			buildSettings = {
				ALWAYS_SEARCH_USER_PATHS = NO;
				ASSETCATALOG_COMPILER_GENERATE_SWIFT_ASSET_SYMBOL_EXTENSIONS = YES;
				CLANG_ANALYZER_NONNULL = YES;
				CLANG_ANALYZER_NUMBER_OBJECT_CONVERSION = YES_AGGRESSIVE;
				CLANG_CXX_LANGUAGE_STANDARD = "gnu++20";
				CLANG_ENABLE_MODULES = YES;
				CLANG_ENABLE_OBJC_ARC = YES;
				CLANG_ENABLE_OBJC_WEAK = YES;
				CLANG_WARN_BLOCK_CAPTURE_AUTORELEASING = YES;
				CLANG_WARN_BOOL_CONVERSION = YES;
				CLANG_WARN_COMMA = YES;
				CLANG_WARN_CONSTANT_CONVERSION = YES;
				CLANG_WARN_DEPRECATED_OBJC_IMPLEMENTATIONS = YES;
				CLANG_WARN_DIRECT_OBJC_ISA_USAGE = YES_ERROR;
				CLANG_WARN_DOCUMENTATION_COMMENTS = YES;
				CLANG_WARN_EMPTY_BODY = YES;
				CLANG_WARN_ENUM_CONVERSION = YES;
				CLANG_WARN_INFINITE_RECURSION = YES;
				CLANG_WARN_INT_CONVERSION = YES;
				CLANG_WARN_NON_LITERAL_NULL_CONVERSION = YES;
				CLANG_WARN_OBJC_IMPLICIT_RETAIN_SELF = YES;
				CLANG_WARN_OBJC_LITERAL_CONVERSION = YES;
				CLANG_WARN_OBJC_ROOT_CLASS = YES_ERROR;
				CLANG_WARN_QUOTED_INCLUDE_IN_FRAMEWORK_HEADER = YES;
				CLANG_WARN_RANGE_LOOP_ANALYSIS = YES;
				CLANG_WARN_STRICT_PROTOTYPES = YES;
				CLANG_WARN_SUSPICIOUS_MOVE = YES;
				CLANG_WARN_UNGUARDED_AVAILABILITY = YES_AGGRESSIVE;
				CLANG_WARN_UNREACHABLE_CODE = YES;
				CLANG_WARN__DUPLICATE_METHOD_MATCH = YES;
				COPY_PHASE_STRIP = NO;
				DEBUG_INFORMATION_FORMAT = "dwarf-with-dsym";
				ENABLE_NS_ASSERTIONS = NO;
				ENABLE_STRICT_OBJC_MSGSEND = YES;
				ENABLE_USER_SCRIPT_SANDBOXING = YES;
				GCC_C_LANGUAGE_STANDARD = gnu17;
				GCC_NO_COMMON_BLOCKS = YES;
				GCC_WARN_64_TO_32_BIT_CONVERSION = YES;
				GCC_WARN_ABOUT_RETURN_TYPE = YES_ERROR;
				GCC_WARN_UNDECLARED_SELECTOR = YES;
				GCC_WARN_UNINITIALIZED_AUTOS = YES_AGGRESSIVE;
				GCC_WARN_UNUSED_FUNCTION = YES;
				GCC_WARN_UNUSED_VARIABLE = YES;
				IPHONEOS_DEPLOYMENT_TARGET = 17.5;
				LOCALIZATION_PREFERS_STRING_CATALOGS = YES;
				MTL_ENABLE_DEBUG_INFO = NO;
				MTL_FAST_MATH = YES;
				SDKROOT = iphoneos;
				SWIFT_COMPILATION_MODE = wholemodule;
				VALIDATE_PRODUCT = YES;
			};
			name = Release;
		};
		D038C9B52C11BB96004A4EE1 /* Debug */ = {
			isa = XCBuildConfiguration;
			buildSettings = {
				ASSETCATALOG_COMPILER_APPICON_NAME = AppIcon;
				ASSETCATALOG_COMPILER_GLOBAL_ACCENT_COLOR_NAME = AccentColor;
				CODE_SIGN_STYLE = Automatic;
				CURRENT_PROJECT_VERSION = 1;
				DEVELOPMENT_ASSET_PATHS = "\"iCaloriesApp/Preview Content\"";
				DEVELOPMENT_TEAM = 85ASU83XHG;
				ENABLE_PREVIEWS = YES;
				GENERATE_INFOPLIST_FILE = YES;
				INFOPLIST_KEY_UIApplicationSceneManifest_Generation = YES;
				INFOPLIST_KEY_UIApplicationSupportsIndirectInputEvents = YES;
				INFOPLIST_KEY_UILaunchScreen_Generation = YES;
				INFOPLIST_KEY_UISupportedInterfaceOrientations_iPad = "UIInterfaceOrientationPortrait UIInterfaceOrientationPortraitUpsideDown UIInterfaceOrientationLandscapeLeft UIInterfaceOrientationLandscapeRight";
				INFOPLIST_KEY_UISupportedInterfaceOrientations_iPhone = "UIInterfaceOrientationPortrait UIInterfaceOrientationLandscapeLeft UIInterfaceOrientationLandscapeRight";
				LD_RUNPATH_SEARCH_PATHS = (
					"$(inherited)",
					"@executable_path/Frameworks",
				);
				MARKETING_VERSION = 1.0;
				PRODUCT_BUNDLE_IDENTIFIER = doguner.com.iCaloriesApp;
				PRODUCT_NAME = "$(TARGET_NAME)";
				SWIFT_EMIT_LOC_STRINGS = YES;
				SWIFT_VERSION = 5.0;
				TARGETED_DEVICE_FAMILY = "1,2";
			};
			name = Debug;
		};
		D038C9B62C11BB96004A4EE1 /* Release */ = {
			isa = XCBuildConfiguration;
			buildSettings = {
				ASSETCATALOG_COMPILER_APPICON_NAME = AppIcon;
				ASSETCATALOG_COMPILER_GLOBAL_ACCENT_COLOR_NAME = AccentColor;
				CODE_SIGN_STYLE = Automatic;
				CURRENT_PROJECT_VERSION = 1;
				DEVELOPMENT_ASSET_PATHS = "\"iCaloriesApp/Preview Content\"";
				DEVELOPMENT_TEAM = 85ASU83XHG;
				ENABLE_PREVIEWS = YES;
				GENERATE_INFOPLIST_FILE = YES;
				INFOPLIST_KEY_UIApplicationSceneManifest_Generation = YES;
				INFOPLIST_KEY_UIApplicationSupportsIndirectInputEvents = YES;
				INFOPLIST_KEY_UILaunchScreen_Generation = YES;
				INFOPLIST_KEY_UISupportedInterfaceOrientations_iPad = "UIInterfaceOrientationPortrait UIInterfaceOrientationPortraitUpsideDown UIInterfaceOrientationLandscapeLeft UIInterfaceOrientationLandscapeRight";
				INFOPLIST_KEY_UISupportedInterfaceOrientations_iPhone = "UIInterfaceOrientationPortrait UIInterfaceOrientationLandscapeLeft UIInterfaceOrientationLandscapeRight";
				LD_RUNPATH_SEARCH_PATHS = (
					"$(inherited)",
					"@executable_path/Frameworks",
				);
				MARKETING_VERSION = 1.0;
				PRODUCT_BUNDLE_IDENTIFIER = doguner.com.iCaloriesApp;
				PRODUCT_NAME = "$(TARGET_NAME)";
				SWIFT_EMIT_LOC_STRINGS = YES;
				SWIFT_VERSION = 5.0;
				TARGETED_DEVICE_FAMILY = "1,2";
			};
			name = Release;
		};
/* End XCBuildConfiguration section */

/* Begin XCConfigurationList section */
		D038C9A12C11BB95004A4EE1 /* Build configuration list for PBXProject "iCaloriesApp" */ = {
			isa = XCConfigurationList;
			buildConfigurations = (
				D038C9B22C11BB96004A4EE1 /* Debug */,
				D038C9B32C11BB96004A4EE1 /* Release */,
			);
			defaultConfigurationIsVisible = 0;
			defaultConfigurationName = Release;
		};
		D038C9B42C11BB96004A4EE1 /* Build configuration list for PBXNativeTarget "iCaloriesApp" */ = {
			isa = XCConfigurationList;
			buildConfigurations = (
				D038C9B52C11BB96004A4EE1 /* Debug */,
				D038C9B62C11BB96004A4EE1 /* Release */,
			);
			defaultConfigurationIsVisible = 0;
			defaultConfigurationName = Release;
		};
/* End XCConfigurationList section */

/* Begin XCVersionGroup section */
		D038C9B82C11BBEB004A4EE1 /* FoodModel.xcdatamodeld */ = {
			isa = XCVersionGroup;
			children = (
				D038C9B92C11BBEB004A4EE1 /* FoodModel.xcdatamodel */,
			);
			currentVersion = D038C9B92C11BBEB004A4EE1 /* FoodModel.xcdatamodel */;
			name = FoodModel.xcdatamodeld;
			path = "/Users/dogu/Documents/Yazılım/Github/SwiftUI_Projects/iCaloriesApp/iCaloriesApp/DataModel/FoodModel.xcdatamodeld";
			sourceTree = "<group>";
			versionGroupType = wrapper.xcdatamodel;
		};
/* End XCVersionGroup section */
	};
	rootObject = D038C99E2C11BB95004A4EE1 /* Project object */;
}
